// !$*UTF8*$!
{
	archiveVersion = 1;
	classes = {
	};
	objectVersion = 51;
	objects = {

/* Begin PBXBuildFile section */
		5A32081BDBE050DAF8D7A2DA /* Pods_AzureOverallTests.framework in Frameworks */ = {isa = PBXBuildFile; fileRef = 1E701CB8C4F1BD98D3CB2157 /* Pods_AzureOverallTests.framework */; };
		B1DD4E437F485E675A8EC3D6 /* Pods_AzureOverall.framework in Frameworks */ = {isa = PBXBuildFile; fileRef = 36B916C0E115A35951390DBF /* Pods_AzureOverall.framework */; };
		FC44C4652434DEDE0096FEC7 /* AppDelegate.swift in Sources */ = {isa = PBXBuildFile; fileRef = FC44C4642434DEDE0096FEC7 /* AppDelegate.swift */; };
		FC44C4672434DEDE0096FEC7 /* SceneDelegate.swift in Sources */ = {isa = PBXBuildFile; fileRef = FC44C4662434DEDE0096FEC7 /* SceneDelegate.swift */; };
		FC44C46E2434DEE50096FEC7 /* Assets.xcassets in Resources */ = {isa = PBXBuildFile; fileRef = FC44C46D2434DEE50096FEC7 /* Assets.xcassets */; };
		FC44C4712434DEE50096FEC7 /* LaunchScreen.storyboard in Resources */ = {isa = PBXBuildFile; fileRef = FC44C46F2434DEE50096FEC7 /* LaunchScreen.storyboard */; };
		FC44C47C2434DEE60096FEC7 /* AzureOverallTests.swift in Sources */ = {isa = PBXBuildFile; fileRef = FC44C47B2434DEE60096FEC7 /* AzureOverallTests.swift */; };
		FC44C4892434E0E40096FEC7 /* Secret.swift in Sources */ = {isa = PBXBuildFile; fileRef = FC44C4882434E0E40096FEC7 /* Secret.swift */; };
		FC44C48C2434E3D70096FEC7 /* Recipe.swift in Sources */ = {isa = PBXBuildFile; fileRef = FC44C48B2434E3D70096FEC7 /* Recipe.swift */; };
		FC44C48F2434E64D0096FEC7 /* RecipeClientService.swift in Sources */ = {isa = PBXBuildFile; fileRef = FC44C48E2434E64D0096FEC7 /* RecipeClientService.swift */; };
		FC44C4912434E8330096FEC7 /* AppError.swift in Sources */ = {isa = PBXBuildFile; fileRef = FC44C4902434E8330096FEC7 /* AppError.swift */; };
		FC44C4932434F1DF0096FEC7 /* RecipeJSON.json in Resources */ = {isa = PBXBuildFile; fileRef = FC44C4922434F1DF0096FEC7 /* RecipeJSON.json */; };
		FC44C4962434F2F00096FEC7 /* AzureBrowseScreenViewController.swift in Sources */ = {isa = PBXBuildFile; fileRef = FC44C4952434F2F00096FEC7 /* AzureBrowseScreenViewController.swift */; };
		FC44C4992434FCD20096FEC7 /* AzureBrowseCollectionViewCell.swift in Sources */ = {isa = PBXBuildFile; fileRef = FC44C4982434FCD20096FEC7 /* AzureBrowseCollectionViewCell.swift */; };
		FC44C49C2434FD490096FEC7 /* ReuseIdentifiers.swift in Sources */ = {isa = PBXBuildFile; fileRef = FC44C49B2434FD490096FEC7 /* ReuseIdentifiers.swift */; };
		FC44C4A02435352B0096FEC7 /* ImageManager.swift in Sources */ = {isa = PBXBuildFile; fileRef = FC44C49F2435352B0096FEC7 /* ImageManager.swift */; };
		FC44C4A2243538920096FEC7 /* AzureDetailViewController.swift in Sources */ = {isa = PBXBuildFile; fileRef = FC44C4A1243538920096FEC7 /* AzureDetailViewController.swift */; };
/* End PBXBuildFile section */

/* Begin PBXContainerItemProxy section */
		FC44C4782434DEE50096FEC7 /* PBXContainerItemProxy */ = {
			isa = PBXContainerItemProxy;
			containerPortal = FC44C4592434DEDD0096FEC7 /* Project object */;
			proxyType = 1;
			remoteGlobalIDString = FC44C4602434DEDE0096FEC7;
			remoteInfo = AzureOverall;
		};
/* End PBXContainerItemProxy section */

/* Begin PBXFileReference section */
		1E701CB8C4F1BD98D3CB2157 /* Pods_AzureOverallTests.framework */ = {isa = PBXFileReference; explicitFileType = wrapper.framework; includeInIndex = 0; path = Pods_AzureOverallTests.framework; sourceTree = BUILT_PRODUCTS_DIR; };
		36B916C0E115A35951390DBF /* Pods_AzureOverall.framework */ = {isa = PBXFileReference; explicitFileType = wrapper.framework; includeInIndex = 0; path = Pods_AzureOverall.framework; sourceTree = BUILT_PRODUCTS_DIR; };
		50ADC541FCCE073DA204580E /* Pods-AzureOverall.release.xcconfig */ = {isa = PBXFileReference; includeInIndex = 1; lastKnownFileType = text.xcconfig; name = "Pods-AzureOverall.release.xcconfig"; path = "Target Support Files/Pods-AzureOverall/Pods-AzureOverall.release.xcconfig"; sourceTree = "<group>"; };
		A3CD90116DEEE3A475878898 /* Pods-AzureOverallTests.debug.xcconfig */ = {isa = PBXFileReference; includeInIndex = 1; lastKnownFileType = text.xcconfig; name = "Pods-AzureOverallTests.debug.xcconfig"; path = "Target Support Files/Pods-AzureOverallTests/Pods-AzureOverallTests.debug.xcconfig"; sourceTree = "<group>"; };
		A884687A0EA350220FFF0A5C /* Pods-AzureOverall.debug.xcconfig */ = {isa = PBXFileReference; includeInIndex = 1; lastKnownFileType = text.xcconfig; name = "Pods-AzureOverall.debug.xcconfig"; path = "Target Support Files/Pods-AzureOverall/Pods-AzureOverall.debug.xcconfig"; sourceTree = "<group>"; };
		BDF8DB2163684A39A2E10FD7 /* Pods-AzureOverallTests.release.xcconfig */ = {isa = PBXFileReference; includeInIndex = 1; lastKnownFileType = text.xcconfig; name = "Pods-AzureOverallTests.release.xcconfig"; path = "Target Support Files/Pods-AzureOverallTests/Pods-AzureOverallTests.release.xcconfig"; sourceTree = "<group>"; };
		FC44C4612434DEDE0096FEC7 /* AzureOverall.app */ = {isa = PBXFileReference; explicitFileType = wrapper.application; includeInIndex = 0; path = AzureOverall.app; sourceTree = BUILT_PRODUCTS_DIR; };
		FC44C4642434DEDE0096FEC7 /* AppDelegate.swift */ = {isa = PBXFileReference; lastKnownFileType = sourcecode.swift; path = AppDelegate.swift; sourceTree = "<group>"; };
		FC44C4662434DEDE0096FEC7 /* SceneDelegate.swift */ = {isa = PBXFileReference; lastKnownFileType = sourcecode.swift; path = SceneDelegate.swift; sourceTree = "<group>"; };
		FC44C46D2434DEE50096FEC7 /* Assets.xcassets */ = {isa = PBXFileReference; lastKnownFileType = folder.assetcatalog; path = Assets.xcassets; sourceTree = "<group>"; };
		FC44C4702434DEE50096FEC7 /* Base */ = {isa = PBXFileReference; lastKnownFileType = file.storyboard; name = Base; path = Base.lproj/LaunchScreen.storyboard; sourceTree = "<group>"; };
		FC44C4722434DEE50096FEC7 /* Info.plist */ = {isa = PBXFileReference; lastKnownFileType = text.plist.xml; path = Info.plist; sourceTree = "<group>"; };
		FC44C4772434DEE50096FEC7 /* AzureOverallTests.xctest */ = {isa = PBXFileReference; explicitFileType = wrapper.cfbundle; includeInIndex = 0; path = AzureOverallTests.xctest; sourceTree = BUILT_PRODUCTS_DIR; };
		FC44C47B2434DEE60096FEC7 /* AzureOverallTests.swift */ = {isa = PBXFileReference; lastKnownFileType = sourcecode.swift; path = AzureOverallTests.swift; sourceTree = "<group>"; };
		FC44C47D2434DEE60096FEC7 /* Info.plist */ = {isa = PBXFileReference; lastKnownFileType = text.plist.xml; path = Info.plist; sourceTree = "<group>"; };
		FC44C4882434E0E40096FEC7 /* Secret.swift */ = {isa = PBXFileReference; lastKnownFileType = sourcecode.swift; path = Secret.swift; sourceTree = "<group>"; };
		FC44C48B2434E3D70096FEC7 /* Recipe.swift */ = {isa = PBXFileReference; lastKnownFileType = sourcecode.swift; path = Recipe.swift; sourceTree = "<group>"; };
		FC44C48E2434E64D0096FEC7 /* RecipeClientService.swift */ = {isa = PBXFileReference; lastKnownFileType = sourcecode.swift; path = RecipeClientService.swift; sourceTree = "<group>"; };
		FC44C4902434E8330096FEC7 /* AppError.swift */ = {isa = PBXFileReference; lastKnownFileType = sourcecode.swift; path = AppError.swift; sourceTree = "<group>"; };
		FC44C4922434F1DF0096FEC7 /* RecipeJSON.json */ = {isa = PBXFileReference; lastKnownFileType = text.json; path = RecipeJSON.json; sourceTree = "<group>"; };
		FC44C4952434F2F00096FEC7 /* AzureBrowseScreenViewController.swift */ = {isa = PBXFileReference; lastKnownFileType = sourcecode.swift; path = AzureBrowseScreenViewController.swift; sourceTree = "<group>"; };
		FC44C4982434FCD20096FEC7 /* AzureBrowseCollectionViewCell.swift */ = {isa = PBXFileReference; lastKnownFileType = sourcecode.swift; path = AzureBrowseCollectionViewCell.swift; sourceTree = "<group>"; };
		FC44C49B2434FD490096FEC7 /* ReuseIdentifiers.swift */ = {isa = PBXFileReference; lastKnownFileType = sourcecode.swift; path = ReuseIdentifiers.swift; sourceTree = "<group>"; };
		FC44C49F2435352B0096FEC7 /* ImageManager.swift */ = {isa = PBXFileReference; lastKnownFileType = sourcecode.swift; path = ImageManager.swift; sourceTree = "<group>"; };
		FC44C4A1243538920096FEC7 /* AzureDetailViewController.swift */ = {isa = PBXFileReference; lastKnownFileType = sourcecode.swift; path = AzureDetailViewController.swift; sourceTree = "<group>"; };
/* End PBXFileReference section */

/* Begin PBXFrameworksBuildPhase section */
		FC44C45E2434DEDE0096FEC7 /* Frameworks */ = {
			isa = PBXFrameworksBuildPhase;
			buildActionMask = 2147483647;
			files = (
				B1DD4E437F485E675A8EC3D6 /* Pods_AzureOverall.framework in Frameworks */,
			);
			runOnlyForDeploymentPostprocessing = 0;
		};
		FC44C4742434DEE50096FEC7 /* Frameworks */ = {
			isa = PBXFrameworksBuildPhase;
			buildActionMask = 2147483647;
			files = (
				5A32081BDBE050DAF8D7A2DA /* Pods_AzureOverallTests.framework in Frameworks */,
			);
			runOnlyForDeploymentPostprocessing = 0;
		};
/* End PBXFrameworksBuildPhase section */

/* Begin PBXGroup section */
		2B82712BE3BBABF70ADDAB97 /* Pods */ = {
			isa = PBXGroup;
			children = (
				A884687A0EA350220FFF0A5C /* Pods-AzureOverall.debug.xcconfig */,
				50ADC541FCCE073DA204580E /* Pods-AzureOverall.release.xcconfig */,
				A3CD90116DEEE3A475878898 /* Pods-AzureOverallTests.debug.xcconfig */,
				BDF8DB2163684A39A2E10FD7 /* Pods-AzureOverallTests.release.xcconfig */,
			);
			path = Pods;
			sourceTree = "<group>";
		};
		F84F3188D87BBFE22288A66E /* Frameworks */ = {
			isa = PBXGroup;
			children = (
				36B916C0E115A35951390DBF /* Pods_AzureOverall.framework */,
				1E701CB8C4F1BD98D3CB2157 /* Pods_AzureOverallTests.framework */,
			);
			name = Frameworks;
			sourceTree = "<group>";
		};
		FC44C4582434DEDD0096FEC7 = {
			isa = PBXGroup;
			children = (
				FC44C4632434DEDE0096FEC7 /* AzureOverall */,
				FC44C47A2434DEE60096FEC7 /* AzureOverallTests */,
				FC44C4622434DEDE0096FEC7 /* Products */,
				2B82712BE3BBABF70ADDAB97 /* Pods */,
				F84F3188D87BBFE22288A66E /* Frameworks */,
			);
			sourceTree = "<group>";
		};
		FC44C4622434DEDE0096FEC7 /* Products */ = {
			isa = PBXGroup;
			children = (
				FC44C4612434DEDE0096FEC7 /* AzureOverall.app */,
				FC44C4772434DEE50096FEC7 /* AzureOverallTests.xctest */,
			);
			name = Products;
			sourceTree = "<group>";
		};
		FC44C4632434DEDE0096FEC7 /* AzureOverall */ = {
			isa = PBXGroup;
			children = (
				FC44C4942434F2DB0096FEC7 /* View Controllers */,
				FC44C48A2434E1D10096FEC7 /* Models */,
				FC44C48D2434E61E0096FEC7 /* Networking */,
				FC44C49A2434FD260096FEC7 /* Utilities */,
				FC44C4872434E0D50096FEC7 /* Secrets */,
				FC44C4862434DF210096FEC7 /* Supporting Files */,
				FC44C4722434DEE50096FEC7 /* Info.plist */,
			);
			path = AzureOverall;
			sourceTree = "<group>";
		};
		FC44C47A2434DEE60096FEC7 /* AzureOverallTests */ = {
			isa = PBXGroup;
			children = (
				FC44C47B2434DEE60096FEC7 /* AzureOverallTests.swift */,
				FC44C4922434F1DF0096FEC7 /* RecipeJSON.json */,
				FC44C47D2434DEE60096FEC7 /* Info.plist */,
			);
			path = AzureOverallTests;
			sourceTree = "<group>";
		};
		FC44C4862434DF210096FEC7 /* Supporting Files */ = {
			isa = PBXGroup;
			children = (
				FC44C4642434DEDE0096FEC7 /* AppDelegate.swift */,
				FC44C4662434DEDE0096FEC7 /* SceneDelegate.swift */,
				FC44C46D2434DEE50096FEC7 /* Assets.xcassets */,
				FC44C46F2434DEE50096FEC7 /* LaunchScreen.storyboard */,
			);
			path = "Supporting Files";
			sourceTree = "<group>";
		};
		FC44C4872434E0D50096FEC7 /* Secrets */ = {
			isa = PBXGroup;
			children = (
				FC44C4882434E0E40096FEC7 /* Secret.swift */,
			);
			path = Secrets;
			sourceTree = "<group>";
		};
		FC44C48A2434E1D10096FEC7 /* Models */ = {
			isa = PBXGroup;
			children = (
				FC44C48B2434E3D70096FEC7 /* Recipe.swift */,
			);
			path = Models;
			sourceTree = "<group>";
		};
		FC44C48D2434E61E0096FEC7 /* Networking */ = {
			isa = PBXGroup;
			children = (
				FC44C48E2434E64D0096FEC7 /* RecipeClientService.swift */,
				FC44C49F2435352B0096FEC7 /* ImageManager.swift */,
				FC44C4902434E8330096FEC7 /* AppError.swift */,
			);
			path = Networking;
			sourceTree = "<group>";
		};
		FC44C4942434F2DB0096FEC7 /* View Controllers */ = {
			isa = PBXGroup;
			children = (
				FC44C4972434FCA80096FEC7 /* Cells */,
				FC44C4952434F2F00096FEC7 /* AzureBrowseScreenViewController.swift */,
				FC44C4A1243538920096FEC7 /* AzureDetailViewController.swift */,
			);
			path = "View Controllers";
			sourceTree = "<group>";
		};
		FC44C4972434FCA80096FEC7 /* Cells */ = {
			isa = PBXGroup;
			children = (
				FC44C4982434FCD20096FEC7 /* AzureBrowseCollectionViewCell.swift */,
			);
			path = Cells;
			sourceTree = "<group>";
		};
		FC44C49A2434FD260096FEC7 /* Utilities */ = {
			isa = PBXGroup;
			children = (
				FC44C49B2434FD490096FEC7 /* ReuseIdentifiers.swift */,
			);
			path = Utilities;
			sourceTree = "<group>";
		};
/* End PBXGroup section */

/* Begin PBXNativeTarget section */
		FC44C4602434DEDE0096FEC7 /* AzureOverall */ = {
			isa = PBXNativeTarget;
			buildConfigurationList = FC44C4802434DEE60096FEC7 /* Build configuration list for PBXNativeTarget "AzureOverall" */;
			buildPhases = (
				079D80EAFA29FDD71A4A620C /* [CP] Check Pods Manifest.lock */,
				FC44C45D2434DEDE0096FEC7 /* Sources */,
				FC44C45E2434DEDE0096FEC7 /* Frameworks */,
				FC44C45F2434DEDE0096FEC7 /* Resources */,
				558BA363F40B4576E5688955 /* [CP] Embed Pods Frameworks */,
			);
			buildRules = (
			);
			dependencies = (
			);
			name = AzureOverall;
			productName = AzureOverall;
			productReference = FC44C4612434DEDE0096FEC7 /* AzureOverall.app */;
			productType = "com.apple.product-type.application";
		};
		FC44C4762434DEE50096FEC7 /* AzureOverallTests */ = {
			isa = PBXNativeTarget;
			buildConfigurationList = FC44C4832434DEE60096FEC7 /* Build configuration list for PBXNativeTarget "AzureOverallTests" */;
			buildPhases = (
				92D1576C44744FADBEAC405A /* [CP] Check Pods Manifest.lock */,
				FC44C4732434DEE50096FEC7 /* Sources */,
				FC44C4742434DEE50096FEC7 /* Frameworks */,
				FC44C4752434DEE50096FEC7 /* Resources */,
			);
			buildRules = (
			);
			dependencies = (
				FC44C4792434DEE50096FEC7 /* PBXTargetDependency */,
			);
			name = AzureOverallTests;
			productName = AzureOverallTests;
			productReference = FC44C4772434DEE50096FEC7 /* AzureOverallTests.xctest */;
			productType = "com.apple.product-type.bundle.unit-test";
		};
/* End PBXNativeTarget section */

/* Begin PBXProject section */
		FC44C4592434DEDD0096FEC7 /* Project object */ = {
			isa = PBXProject;
			attributes = {
				LastSwiftUpdateCheck = 1130;
				LastUpgradeCheck = 1130;
				ORGANIZATIONNAME = "Levi Davis";
				TargetAttributes = {
					FC44C4602434DEDE0096FEC7 = {
						CreatedOnToolsVersion = 11.3.1;
					};
					FC44C4762434DEE50096FEC7 = {
						CreatedOnToolsVersion = 11.3.1;
						TestTargetID = FC44C4602434DEDE0096FEC7;
					};
				};
			};
			buildConfigurationList = FC44C45C2434DEDD0096FEC7 /* Build configuration list for PBXProject "AzureOverall" */;
			compatibilityVersion = "Xcode 9.3";
			developmentRegion = en;
			hasScannedForEncodings = 0;
			knownRegions = (
				en,
				Base,
			);
			mainGroup = FC44C4582434DEDD0096FEC7;
			productRefGroup = FC44C4622434DEDE0096FEC7 /* Products */;
			projectDirPath = "";
			projectRoot = "";
			targets = (
				FC44C4602434DEDE0096FEC7 /* AzureOverall */,
				FC44C4762434DEE50096FEC7 /* AzureOverallTests */,
			);
		};
/* End PBXProject section */

/* Begin PBXResourcesBuildPhase section */
		FC44C45F2434DEDE0096FEC7 /* Resources */ = {
			isa = PBXResourcesBuildPhase;
			buildActionMask = 2147483647;
			files = (
				FC44C4712434DEE50096FEC7 /* LaunchScreen.storyboard in Resources */,
				FC44C46E2434DEE50096FEC7 /* Assets.xcassets in Resources */,
			);
			runOnlyForDeploymentPostprocessing = 0;
		};
		FC44C4752434DEE50096FEC7 /* Resources */ = {
			isa = PBXResourcesBuildPhase;
			buildActionMask = 2147483647;
			files = (
				FC44C4932434F1DF0096FEC7 /* RecipeJSON.json in Resources */,
			);
			runOnlyForDeploymentPostprocessing = 0;
		};
/* End PBXResourcesBuildPhase section */

/* Begin PBXShellScriptBuildPhase section */
		079D80EAFA29FDD71A4A620C /* [CP] Check Pods Manifest.lock */ = {
			isa = PBXShellScriptBuildPhase;
			buildActionMask = 2147483647;
			files = (
			);
			inputFileListPaths = (
			);
			inputPaths = (
				"${PODS_PODFILE_DIR_PATH}/Podfile.lock",
				"${PODS_ROOT}/Manifest.lock",
			);
			name = "[CP] Check Pods Manifest.lock";
			outputFileListPaths = (
			);
			outputPaths = (
				"$(DERIVED_FILE_DIR)/Pods-AzureOverall-checkManifestLockResult.txt",
			);
			runOnlyForDeploymentPostprocessing = 0;
			shellPath = /bin/sh;
			shellScript = "diff \"${PODS_PODFILE_DIR_PATH}/Podfile.lock\" \"${PODS_ROOT}/Manifest.lock\" > /dev/null\nif [ $? != 0 ] ; then\n    # print error to STDERR\n    echo \"error: The sandbox is not in sync with the Podfile.lock. Run 'pod install' or update your CocoaPods installation.\" >&2\n    exit 1\nfi\n# This output is used by Xcode 'outputs' to avoid re-running this script phase.\necho \"SUCCESS\" > \"${SCRIPT_OUTPUT_FILE_0}\"\n";
			showEnvVarsInLog = 0;
		};
		558BA363F40B4576E5688955 /* [CP] Embed Pods Frameworks */ = {
			isa = PBXShellScriptBuildPhase;
			buildActionMask = 2147483647;
			files = (
			);
			inputFileListPaths = (
				"${PODS_ROOT}/Target Support Files/Pods-AzureOverall/Pods-AzureOverall-frameworks-${CONFIGURATION}-input-files.xcfilelist",
			);
			name = "[CP] Embed Pods Frameworks";
			outputFileListPaths = (
				"${PODS_ROOT}/Target Support Files/Pods-AzureOverall/Pods-AzureOverall-frameworks-${CONFIGURATION}-output-files.xcfilelist",
			);
			runOnlyForDeploymentPostprocessing = 0;
			shellPath = /bin/sh;
			shellScript = "\"${PODS_ROOT}/Target Support Files/Pods-AzureOverall/Pods-AzureOverall-frameworks.sh\"\n";
			showEnvVarsInLog = 0;
		};
		92D1576C44744FADBEAC405A /* [CP] Check Pods Manifest.lock */ = {
			isa = PBXShellScriptBuildPhase;
			buildActionMask = 2147483647;
			files = (
			);
			inputFileListPaths = (
			);
			inputPaths = (
				"${PODS_PODFILE_DIR_PATH}/Podfile.lock",
				"${PODS_ROOT}/Manifest.lock",
			);
			name = "[CP] Check Pods Manifest.lock";
			outputFileListPaths = (
			);
			outputPaths = (
				"$(DERIVED_FILE_DIR)/Pods-AzureOverallTests-checkManifestLockResult.txt",
			);
			runOnlyForDeploymentPostprocessing = 0;
			shellPath = /bin/sh;
			shellScript = "diff \"${PODS_PODFILE_DIR_PATH}/Podfile.lock\" \"${PODS_ROOT}/Manifest.lock\" > /dev/null\nif [ $? != 0 ] ; then\n    # print error to STDERR\n    echo \"error: The sandbox is not in sync with the Podfile.lock. Run 'pod install' or update your CocoaPods installation.\" >&2\n    exit 1\nfi\n# This output is used by Xcode 'outputs' to avoid re-running this script phase.\necho \"SUCCESS\" > \"${SCRIPT_OUTPUT_FILE_0}\"\n";
			showEnvVarsInLog = 0;
		};
/* End PBXShellScriptBuildPhase section */

/* Begin PBXSourcesBuildPhase section */
		FC44C45D2434DEDE0096FEC7 /* Sources */ = {
			isa = PBXSourcesBuildPhase;
			buildActionMask = 2147483647;
			files = (
				FC44C4962434F2F00096FEC7 /* AzureBrowseScreenViewController.swift in Sources */,
				FC44C4A02435352B0096FEC7 /* ImageManager.swift in Sources */,
				FC44C4992434FCD20096FEC7 /* AzureBrowseCollectionViewCell.swift in Sources */,
				FC44C4892434E0E40096FEC7 /* Secret.swift in Sources */,
				FC44C48F2434E64D0096FEC7 /* RecipeClientService.swift in Sources */,
				FC44C4652434DEDE0096FEC7 /* AppDelegate.swift in Sources */,
				FC44C4A2243538920096FEC7 /* AzureDetailViewController.swift in Sources */,
				FC44C4672434DEDE0096FEC7 /* SceneDelegate.swift in Sources */,
				FC44C48C2434E3D70096FEC7 /* Recipe.swift in Sources */,
				FC44C4912434E8330096FEC7 /* AppError.swift in Sources */,
				FC44C49C2434FD490096FEC7 /* ReuseIdentifiers.swift in Sources */,
			);
			runOnlyForDeploymentPostprocessing = 0;
		};
		FC44C4732434DEE50096FEC7 /* Sources */ = {
			isa = PBXSourcesBuildPhase;
			buildActionMask = 2147483647;
			files = (
				FC44C47C2434DEE60096FEC7 /* AzureOverallTests.swift in Sources */,
			);
			runOnlyForDeploymentPostprocessing = 0;
		};
/* End PBXSourcesBuildPhase section */

/* Begin PBXTargetDependency section */
		FC44C4792434DEE50096FEC7 /* PBXTargetDependency */ = {
			isa = PBXTargetDependency;
			target = FC44C4602434DEDE0096FEC7 /* AzureOverall */;
			targetProxy = FC44C4782434DEE50096FEC7 /* PBXContainerItemProxy */;
		};
/* End PBXTargetDependency section */

/* Begin PBXVariantGroup section */
		FC44C46F2434DEE50096FEC7 /* LaunchScreen.storyboard */ = {
			isa = PBXVariantGroup;
			children = (
				FC44C4702434DEE50096FEC7 /* Base */,
			);
			name = LaunchScreen.storyboard;
			sourceTree = "<group>";
		};
/* End PBXVariantGroup section */

/* Begin XCBuildConfiguration section */
		FC44C47E2434DEE60096FEC7 /* Debug */ = {
			isa = XCBuildConfiguration;
			buildSettings = {
				ALWAYS_SEARCH_USER_PATHS = NO;
				CLANG_ANALYZER_NONNULL = YES;
				CLANG_ANALYZER_NUMBER_OBJECT_CONVERSION = YES_AGGRESSIVE;
				CLANG_CXX_LANGUAGE_STANDARD = "gnu++14";
				CLANG_CXX_LIBRARY = "libc++";
				CLANG_ENABLE_MODULES = YES;
				CLANG_ENABLE_OBJC_ARC = YES;
				CLANG_ENABLE_OBJC_WEAK = YES;
				CLANG_WARN_BLOCK_CAPTURE_AUTORELEASING = YES;
				CLANG_WARN_BOOL_CONVERSION = YES;
				CLANG_WARN_COMMA = YES;
				CLANG_WARN_CONSTANT_CONVERSION = YES;
				CLANG_WARN_DEPRECATED_OBJC_IMPLEMENTATIONS = YES;
				CLANG_WARN_DIRECT_OBJC_ISA_USAGE = YES_ERROR;
				CLANG_WARN_DOCUMENTATION_COMMENTS = YES;
				CLANG_WARN_EMPTY_BODY = YES;
				CLANG_WARN_ENUM_CONVERSION = YES;
				CLANG_WARN_INFINITE_RECURSION = YES;
				CLANG_WARN_INT_CONVERSION = YES;
				CLANG_WARN_NON_LITERAL_NULL_CONVERSION = YES;
				CLANG_WARN_OBJC_IMPLICIT_RETAIN_SELF = YES;
				CLANG_WARN_OBJC_LITERAL_CONVERSION = YES;
				CLANG_WARN_OBJC_ROOT_CLASS = YES_ERROR;
				CLANG_WARN_RANGE_LOOP_ANALYSIS = YES;
				CLANG_WARN_STRICT_PROTOTYPES = YES;
				CLANG_WARN_SUSPICIOUS_MOVE = YES;
				CLANG_WARN_UNGUARDED_AVAILABILITY = YES_AGGRESSIVE;
				CLANG_WARN_UNREACHABLE_CODE = YES;
				CLANG_WARN__DUPLICATE_METHOD_MATCH = YES;
				COPY_PHASE_STRIP = NO;
				DEBUG_INFORMATION_FORMAT = dwarf;
				ENABLE_STRICT_OBJC_MSGSEND = YES;
				ENABLE_TESTABILITY = YES;
				GCC_C_LANGUAGE_STANDARD = gnu11;
				GCC_DYNAMIC_NO_PIC = NO;
				GCC_NO_COMMON_BLOCKS = YES;
				GCC_OPTIMIZATION_LEVEL = 0;
				GCC_PREPROCESSOR_DEFINITIONS = (
					"DEBUG=1",
					"$(inherited)",
				);
				GCC_WARN_64_TO_32_BIT_CONVERSION = YES;
				GCC_WARN_ABOUT_RETURN_TYPE = YES_ERROR;
				GCC_WARN_UNDECLARED_SELECTOR = YES;
				GCC_WARN_UNINITIALIZED_AUTOS = YES_AGGRESSIVE;
				GCC_WARN_UNUSED_FUNCTION = YES;
				GCC_WARN_UNUSED_VARIABLE = YES;
				IPHONEOS_DEPLOYMENT_TARGET = 13.2;
				MTL_ENABLE_DEBUG_INFO = INCLUDE_SOURCE;
				MTL_FAST_MATH = YES;
				ONLY_ACTIVE_ARCH = YES;
				SDKROOT = iphoneos;
				SWIFT_ACTIVE_COMPILATION_CONDITIONS = DEBUG;
				SWIFT_OPTIMIZATION_LEVEL = "-Onone";
			};
			name = Debug;
		};
		FC44C47F2434DEE60096FEC7 /* Release */ = {
			isa = XCBuildConfiguration;
			buildSettings = {
				ALWAYS_SEARCH_USER_PATHS = NO;
				CLANG_ANALYZER_NONNULL = YES;
				CLANG_ANALYZER_NUMBER_OBJECT_CONVERSION = YES_AGGRESSIVE;
				CLANG_CXX_LANGUAGE_STANDARD = "gnu++14";
				CLANG_CXX_LIBRARY = "libc++";
				CLANG_ENABLE_MODULES = YES;
				CLANG_ENABLE_OBJC_ARC = YES;
				CLANG_ENABLE_OBJC_WEAK = YES;
				CLANG_WARN_BLOCK_CAPTURE_AUTORELEASING = YES;
				CLANG_WARN_BOOL_CONVERSION = YES;
				CLANG_WARN_COMMA = YES;
				CLANG_WARN_CONSTANT_CONVERSION = YES;
				CLANG_WARN_DEPRECATED_OBJC_IMPLEMENTATIONS = YES;
				CLANG_WARN_DIRECT_OBJC_ISA_USAGE = YES_ERROR;
				CLANG_WARN_DOCUMENTATION_COMMENTS = YES;
				CLANG_WARN_EMPTY_BODY = YES;
				CLANG_WARN_ENUM_CONVERSION = YES;
				CLANG_WARN_INFINITE_RECURSION = YES;
				CLANG_WARN_INT_CONVERSION = YES;
				CLANG_WARN_NON_LITERAL_NULL_CONVERSION = YES;
				CLANG_WARN_OBJC_IMPLICIT_RETAIN_SELF = YES;
				CLANG_WARN_OBJC_LITERAL_CONVERSION = YES;
				CLANG_WARN_OBJC_ROOT_CLASS = YES_ERROR;
				CLANG_WARN_RANGE_LOOP_ANALYSIS = YES;
				CLANG_WARN_STRICT_PROTOTYPES = YES;
				CLANG_WARN_SUSPICIOUS_MOVE = YES;
				CLANG_WARN_UNGUARDED_AVAILABILITY = YES_AGGRESSIVE;
				CLANG_WARN_UNREACHABLE_CODE = YES;
				CLANG_WARN__DUPLICATE_METHOD_MATCH = YES;
				COPY_PHASE_STRIP = NO;
				DEBUG_INFORMATION_FORMAT = "dwarf-with-dsym";
				ENABLE_NS_ASSERTIONS = NO;
				ENABLE_STRICT_OBJC_MSGSEND = YES;
				GCC_C_LANGUAGE_STANDARD = gnu11;
				GCC_NO_COMMON_BLOCKS = YES;
				GCC_WARN_64_TO_32_BIT_CONVERSION = YES;
				GCC_WARN_ABOUT_RETURN_TYPE = YES_ERROR;
				GCC_WARN_UNDECLARED_SELECTOR = YES;
				GCC_WARN_UNINITIALIZED_AUTOS = YES_AGGRESSIVE;
				GCC_WARN_UNUSED_FUNCTION = YES;
				GCC_WARN_UNUSED_VARIABLE = YES;
				IPHONEOS_DEPLOYMENT_TARGET = 13.2;
				MTL_ENABLE_DEBUG_INFO = NO;
				MTL_FAST_MATH = YES;
				SDKROOT = iphoneos;
				SWIFT_COMPILATION_MODE = wholemodule;
				SWIFT_OPTIMIZATION_LEVEL = "-O";
				VALIDATE_PRODUCT = YES;
			};
			name = Release;
		};
		FC44C4812434DEE60096FEC7 /* Debug */ = {
			isa = XCBuildConfiguration;
			baseConfigurationReference = A884687A0EA350220FFF0A5C /* Pods-AzureOverall.debug.xcconfig */;
			buildSettings = {
				ASSETCATALOG_COMPILER_APPICON_NAME = AppIcon;
				CODE_SIGN_STYLE = Automatic;
				INFOPLIST_FILE = AzureOverall/Info.plist;
				LD_RUNPATH_SEARCH_PATHS = (
					"$(inherited)",
					"@executable_path/Frameworks",
				);
				PRODUCT_BUNDLE_IDENTIFIER = com.levidavis.AzureOverall;
				PRODUCT_NAME = "$(TARGET_NAME)";
				SWIFT_VERSION = 5.0;
				TARGETED_DEVICE_FAMILY = "1,2";
			};
			name = Debug;
		};
		FC44C4822434DEE60096FEC7 /* Release */ = {
			isa = XCBuildConfiguration;
			baseConfigurationReference = 50ADC541FCCE073DA204580E /* Pods-AzureOverall.release.xcconfig */;
			buildSettings = {
				ASSETCATALOG_COMPILER_APPICON_NAME = AppIcon;
				CODE_SIGN_STYLE = Automatic;
				INFOPLIST_FILE = AzureOverall/Info.plist;
				LD_RUNPATH_SEARCH_PATHS = (
					"$(inherited)",
					"@executable_path/Frameworks",
				);
				PRODUCT_BUNDLE_IDENTIFIER = com.levidavis.AzureOverall;
				PRODUCT_NAME = "$(TARGET_NAME)";
				SWIFT_VERSION = 5.0;
				TARGETED_DEVICE_FAMILY = "1,2";
			};
			name = Release;
		};
		FC44C4842434DEE60096FEC7 /* Debug */ = {
			isa = XCBuildConfiguration;
			baseConfigurationReference = A3CD90116DEEE3A475878898 /* Pods-AzureOverallTests.debug.xcconfig */;
			buildSettings = {
				ALWAYS_EMBED_SWIFT_STANDARD_LIBRARIES = YES;
				BUNDLE_LOADER = "$(TEST_HOST)";
				CODE_SIGN_STYLE = Automatic;
				INFOPLIST_FILE = AzureOverallTests/Info.plist;
				IPHONEOS_DEPLOYMENT_TARGET = 13.2;
				LD_RUNPATH_SEARCH_PATHS = (
					"$(inherited)",
					"@executable_path/Frameworks",
					"@loader_path/Frameworks",
				);
				PRODUCT_BUNDLE_IDENTIFIER = com.levidavis.AzureOverallTests;
				PRODUCT_NAME = "$(TARGET_NAME)";
				SWIFT_VERSION = 5.0;
				TARGETED_DEVICE_FAMILY = "1,2";
				TEST_HOST = "$(BUILT_PRODUCTS_DIR)/AzureOverall.app/AzureOverall";
			};
			name = Debug;
		};
		FC44C4852434DEE60096FEC7 /* Release */ = {
			isa = XCBuildConfiguration;
			baseConfigurationReference = BDF8DB2163684A39A2E10FD7 /* Pods-AzureOverallTests.release.xcconfig */;
			buildSettings = {
				ALWAYS_EMBED_SWIFT_STANDARD_LIBRARIES = YES;
				BUNDLE_LOADER = "$(TEST_HOST)";
				CODE_SIGN_STYLE = Automatic;
				INFOPLIST_FILE = AzureOverallTests/Info.plist;
				IPHONEOS_DEPLOYMENT_TARGET = 13.2;
				LD_RUNPATH_SEARCH_PATHS = (
					"$(inherited)",
					"@executable_path/Frameworks",
					"@loader_path/Frameworks",
				);
				PRODUCT_BUNDLE_IDENTIFIER = com.levidavis.AzureOverallTests;
				PRODUCT_NAME = "$(TARGET_NAME)";
				SWIFT_VERSION = 5.0;
				TARGETED_DEVICE_FAMILY = "1,2";
				TEST_HOST = "$(BUILT_PRODUCTS_DIR)/AzureOverall.app/AzureOverall";
			};
			name = Release;
		};
/* End XCBuildConfiguration section */

/* Begin XCConfigurationList section */
		FC44C45C2434DEDD0096FEC7 /* Build configuration list for PBXProject "AzureOverall" */ = {
			isa = XCConfigurationList;
			buildConfigurations = (
				FC44C47E2434DEE60096FEC7 /* Debug */,
				FC44C47F2434DEE60096FEC7 /* Release */,
			);
			defaultConfigurationIsVisible = 0;
			defaultConfigurationName = Release;
		};
		FC44C4802434DEE60096FEC7 /* Build configuration list for PBXNativeTarget "AzureOverall" */ = {
			isa = XCConfigurationList;
			buildConfigurations = (
				FC44C4812434DEE60096FEC7 /* Debug */,
				FC44C4822434DEE60096FEC7 /* Release */,
			);
			defaultConfigurationIsVisible = 0;
			defaultConfigurationName = Release;
		};
		FC44C4832434DEE60096FEC7 /* Build configuration list for PBXNativeTarget "AzureOverallTests" */ = {
			isa = XCConfigurationList;
			buildConfigurations = (
				FC44C4842434DEE60096FEC7 /* Debug */,
				FC44C4852434DEE60096FEC7 /* Release */,
			);
			defaultConfigurationIsVisible = 0;
			defaultConfigurationName = Release;
		};
/* End XCConfigurationList section */
	};
	rootObject = FC44C4592434DEDD0096FEC7 /* Project object */;
}
